
Microsoft Visual Studio Solution File, Format Version 12.00
# Visual Studio 15
VisualStudioVersion = 15.0.28307.271
MinimumVisualStudioVersion = 10.0.40219.1
Project("{FAE04EC0-301F-11D3-BF4B-00C04F79EFBC}") = "BackendToolsWebApi", "BackendToolsWebApi\BackendToolsWebApi.csproj", "{65DFFCB0-BE2D-4058-A985-6D93B61AA640}"
EndProject
Global
	GlobalSection(SolutionConfigurationPlatforms) = preSolution
		Debug|Any CPU = Debug|Any CPU
		Release|Any CPU = Release|Any CPU
	EndGlobalSection
	GlobalSection(ProjectConfigurationPlatforms) = postSolution
		{65DFFCB0-BE2D-4058-A985-6D93B61AA640}.Debug|Any CPU.ActiveCfg = Debug|Any CPU
		{65DFFCB0-BE2D-4058-A985-6D93B61AA640}.Debug|Any CPU.Build.0 = Debug|Any CPU
		{65DFFCB0-BE2D-4058-A985-6D93B61AA640}.Release|Any CPU.ActiveCfg = Release|Any CPU
		{65DFFCB0-BE2D-4058-A985-6D93B61AA640}.Release|Any CPU.Build.0 = Release|Any CPU
	EndGlobalSection
	GlobalSection(SolutionProperties) = preSolution
		HideSolutionNode = FALSE
	EndGlobalSection
	GlobalSection(ExtensibilityGlobals) = postSolution
		SolutionGuid = {DB57391E-CDD3-4600-9438-FB2083DC6D64}
	EndGlobalSection
EndGlobal
